// !$*UTF8*$!
{
	archiveVersion = 1;
	classes = {
	};
	objectVersion = 46;
	objects = {

/* Begin PBXBuildFile section */
		656C3719155AD788009C92A3 /* main.c in Sources */ = {isa = PBXBuildFile; fileRef = 656C3718155AD788009C92A3 /* main.c */; };
		656C371B155AD788009C92A3 /* SchedSim.1 in CopyFiles */ = {isa = PBXBuildFile; fileRef = 656C371A155AD788009C92A3 /* SchedSim.1 */; };
		65D4616D15656C9B0016BF9A /* CPU.c in Sources */ = {isa = PBXBuildFile; fileRef = 65D4616C15656C9B0016BF9A /* CPU.c */; };
		65D461731565713C0016BF9A /* Process.c in Sources */ = {isa = PBXBuildFile; fileRef = 65D461721565713C0016BF9A /* Process.c */; };
		65D46177156591A00016BF9A /* IODevice.c in Sources */ = {isa = PBXBuildFile; fileRef = 65D46176156591A00016BF9A /* IODevice.c */; };
		65D4617B15659B300016BF9A /* LinkedBlockingQueue.c in Sources */ = {isa = PBXBuildFile; fileRef = 65D4617A15659B2F0016BF9A /* LinkedBlockingQueue.c */; };
		65D4617D1565A0100016BF9A /* LinkedQueueNode.c in Sources */ = {isa = PBXBuildFile; fileRef = 65D4617C1565A0100016BF9A /* LinkedQueueNode.c */; };
		65D461801565A1A00016BF9A /* PCBQueue.c in Sources */ = {isa = PBXBuildFile; fileRef = 65D4617F1565A1A00016BF9A /* PCBQueue.c */; };
/* End PBXBuildFile section */

/* Begin PBXCopyFilesBuildPhase section */
		656C3712155AD788009C92A3 /* CopyFiles */ = {
			isa = PBXCopyFilesBuildPhase;
			buildActionMask = 2147483647;
			dstPath = /usr/share/man/man1/;
			dstSubfolderSpec = 0;
			files = (
				656C371B155AD788009C92A3 /* SchedSim.1 in CopyFiles */,
			);
			runOnlyForDeploymentPostprocessing = 1;
		};
/* End PBXCopyFilesBuildPhase section */

/* Begin PBXFileReference section */
		656C3714155AD788009C92A3 /* SchedSim */ = {isa = PBXFileReference; explicitFileType = "compiled.mach-o.executable"; includeInIndex = 0; path = SchedSim; sourceTree = BUILT_PRODUCTS_DIR; };
		656C3718155AD788009C92A3 /* main.c */ = {isa = PBXFileReference; lastKnownFileType = sourcecode.c.c; path = main.c; sourceTree = "<group>"; };
		656C371A155AD788009C92A3 /* SchedSim.1 */ = {isa = PBXFileReference; lastKnownFileType = text.man; path = SchedSim.1; sourceTree = "<group>"; };
		65D461681565662A0016BF9A /* Process.h */ = {isa = PBXFileReference; lastKnownFileType = sourcecode.c.h; path = Process.h; sourceTree = "<group>"; };
		65D4616A1565668D0016BF9A /* PCB.h */ = {isa = PBXFileReference; lastKnownFileType = sourcecode.c.h; path = PCB.h; sourceTree = "<group>"; };
		65D4616B156568420016BF9A /* CPU.h */ = {isa = PBXFileReference; lastKnownFileType = sourcecode.c.h; path = CPU.h; sourceTree = "<group>"; };
		65D4616C15656C9B0016BF9A /* CPU.c */ = {isa = PBXFileReference; fileEncoding = 4; lastKnownFileType = sourcecode.c.c; path = CPU.c; sourceTree = "<group>"; };
		65D4616E15656D190016BF9A /* Scheduler.h */ = {isa = PBXFileReference; lastKnownFileType = sourcecode.c.h; path = Scheduler.h; sourceTree = "<group>"; };
		65D4616F15656D770016BF9A /* IODevice.h */ = {isa = PBXFileReference; lastKnownFileType = sourcecode.c.h; path = IODevice.h; sourceTree = "<group>"; };
		65D4617015656DA80016BF9A /* SysTimer.h */ = {isa = PBXFileReference; lastKnownFileType = sourcecode.c.h; path = SysTimer.h; sourceTree = "<group>"; };
		65D4617115656F510016BF9A /* RequestType.h */ = {isa = PBXFileReference; lastKnownFileType = sourcecode.c.h; path = RequestType.h; sourceTree = "<group>"; };
		65D461721565713C0016BF9A /* Process.c */ = {isa = PBXFileReference; fileEncoding = 4; lastKnownFileType = sourcecode.c.c; path = Process.c; sourceTree = "<group>"; };
		65D46176156591A00016BF9A /* IODevice.c */ = {isa = PBXFileReference; fileEncoding = 4; lastKnownFileType = sourcecode.c.c; path = IODevice.c; sourceTree = "<group>"; };
		65D46178156599040016BF9A /* LinkedBlockingQueue.h */ = {isa = PBXFileReference; lastKnownFileType = sourcecode.c.h; path = LinkedBlockingQueue.h; sourceTree = "<group>"; };
		65D4617915659AAD0016BF9A /* LinkedQueueNode.h */ = {isa = PBXFileReference; lastKnownFileType = sourcecode.c.h; path = LinkedQueueNode.h; sourceTree = "<group>"; };
		65D4617A15659B2F0016BF9A /* LinkedBlockingQueue.c */ = {isa = PBXFileReference; fileEncoding = 4; lastKnownFileType = sourcecode.c.c; path = LinkedBlockingQueue.c; sourceTree = "<group>"; };
		65D4617C1565A0100016BF9A /* LinkedQueueNode.c */ = {isa = PBXFileReference; fileEncoding = 4; lastKnownFileType = sourcecode.c.c; path = LinkedQueueNode.c; sourceTree = "<group>"; };
		65D4617E1565A1020016BF9A /* PCBQueue.h */ = {isa = PBXFileReference; lastKnownFileType = sourcecode.c.h; path = PCBQueue.h; sourceTree = "<group>"; };
		65D4617F1565A1A00016BF9A /* PCBQueue.c */ = {isa = PBXFileReference; fileEncoding = 4; lastKnownFileType = sourcecode.c.c; path = PCBQueue.c; sourceTree = "<group>"; };
/* End PBXFileReference section */

/* Begin PBXFrameworksBuildPhase section */
		656C3711155AD788009C92A3 /* Frameworks */ = {
			isa = PBXFrameworksBuildPhase;
			buildActionMask = 2147483647;
			files = (
			);
			runOnlyForDeploymentPostprocessing = 0;
		};
/* End PBXFrameworksBuildPhase section */

/* Begin PBXGroup section */
		656C3709155AD788009C92A3 = {
			isa = PBXGroup;
			children = (
				656C3717155AD788009C92A3 /* SchedSim */,
				656C3715155AD788009C92A3 /* Products */,
			);
			sourceTree = "<group>";
		};
		656C3715155AD788009C92A3 /* Products */ = {
			isa = PBXGroup;
			children = (
				656C3714155AD788009C92A3 /* SchedSim */,
			);
			name = Products;
			sourceTree = "<group>";
		};
		656C3717155AD788009C92A3 /* SchedSim */ = {
			isa = PBXGroup;
			children = (
				656C3718155AD788009C92A3 /* main.c */,
				656C371A155AD788009C92A3 /* SchedSim.1 */,
				65D461681565662A0016BF9A /* Process.h */,
				65D461721565713C0016BF9A /* Process.c */,
				65D4616A1565668D0016BF9A /* PCB.h */,
				65D4616B156568420016BF9A /* CPU.h */,
				65D4616C15656C9B0016BF9A /* CPU.c */,
				65D4616E15656D190016BF9A /* Scheduler.h */,
				65D4616F15656D770016BF9A /* IODevice.h */,
				65D46176156591A00016BF9A /* IODevice.c */,
				65D4617015656DA80016BF9A /* SysTimer.h */,
				65D4617115656F510016BF9A /* RequestType.h */,
				65D461811565A49A0016BF9A /* Queues */,
			);
			path = SchedSim;
			sourceTree = "<group>";
		};
		65D461811565A49A0016BF9A /* Queues */ = {
			isa = PBXGroup;
			children = (
				65D4617E1565A1020016BF9A /* PCBQueue.h */,
				65D4617F1565A1A00016BF9A /* PCBQueue.c */,
				65D46178156599040016BF9A /* LinkedBlockingQueue.h */,
				65D4617A15659B2F0016BF9A /* LinkedBlockingQueue.c */,
				65D4617915659AAD0016BF9A /* LinkedQueueNode.h */,
				65D4617C1565A0100016BF9A /* LinkedQueueNode.c */,
			);
			name = Queues;
			sourceTree = "<group>";
		};
/* End PBXGroup section */

/* Begin PBXNativeTarget section */
		656C3713155AD788009C92A3 /* SchedSim */ = {
			isa = PBXNativeTarget;
			buildConfigurationList = 656C371E155AD788009C92A3 /* Build configuration list for PBXNativeTarget "SchedSim" */;
			buildPhases = (
				656C3710155AD788009C92A3 /* Sources */,
				656C3711155AD788009C92A3 /* Frameworks */,
				656C3712155AD788009C92A3 /* CopyFiles */,
			);
			buildRules = (
			);
			dependencies = (
			);
			name = SchedSim;
			productName = SchedSim;
			productReference = 656C3714155AD788009C92A3 /* SchedSim */;
			productType = "com.apple.product-type.tool";
		};
/* End PBXNativeTarget section */

/* Begin PBXProject section */
		656C370B155AD788009C92A3 /* Project object */ = {
			isa = PBXProject;
			attributes = {
				LastUpgradeCheck = 0430;
				ORGANIZATIONNAME = "University of Washington at Tacoma";
			};
			buildConfigurationList = 656C370E155AD788009C92A3 /* Build configuration list for PBXProject "SchedSim" */;
			compatibilityVersion = "Xcode 3.2";
			developmentRegion = English;
			hasScannedForEncodings = 0;
			knownRegions = (
				en,
			);
			mainGroup = 656C3709155AD788009C92A3;
			productRefGroup = 656C3715155AD788009C92A3 /* Products */;
			projectDirPath = "";
			projectRoot = "";
			targets = (
				656C3713155AD788009C92A3 /* SchedSim */,
			);
		};
/* End PBXProject section */

/* Begin PBXSourcesBuildPhase section */
		656C3710155AD788009C92A3 /* Sources */ = {
			isa = PBXSourcesBuildPhase;
			buildActionMask = 2147483647;
			files = (
				656C3719155AD788009C92A3 /* main.c in Sources */,
				65D4616D15656C9B0016BF9A /* CPU.c in Sources */,
				65D461731565713C0016BF9A /* Process.c in Sources */,
				65D46177156591A00016BF9A /* IODevice.c in Sources */,
				65D4617B15659B300016BF9A /* LinkedBlockingQueue.c in Sources */,
				65D4617D1565A0100016BF9A /* LinkedQueueNode.c in Sources */,
				65D461801565A1A00016BF9A /* PCBQueue.c in Sources */,
			);
			runOnlyForDeploymentPostprocessing = 0;
		};
/* End PBXSourcesBuildPhase section */

/* Begin XCBuildConfiguration section */
		656C371C155AD788009C92A3 /* Debug */ = {
			isa = XCBuildConfiguration;
			buildSettings = {
				ALWAYS_SEARCH_USER_PATHS = NO;
				ARCHS = "$(ARCHS_STANDARD_64_BIT)";
				CLANG_ENABLE_OBJC_ARC = YES;
				COPY_PHASE_STRIP = NO;
				GCC_C_LANGUAGE_STANDARD = gnu99;
				GCC_DYNAMIC_NO_PIC = NO;
				GCC_ENABLE_OBJC_EXCEPTIONS = YES;
				GCC_OPTIMIZATION_LEVEL = 0;
				GCC_PREPROCESSOR_DEFINITIONS = (
					"DEBUG=1",
					"$(inherited)",
				);
				GCC_SYMBOLS_PRIVATE_EXTERN = NO;
				GCC_VERSION = com.apple.compilers.llvm.clang.1_0;
				GCC_WARN_64_TO_32_BIT_CONVERSION = YES;
				GCC_WARN_ABOUT_RETURN_TYPE = YES;
				GCC_WARN_UNINITIALIZED_AUTOS = YES;
				GCC_WARN_UNUSED_VARIABLE = YES;
				MACOSX_DEPLOYMENT_TARGET = 10.7;
				ONLY_ACTIVE_ARCH = YES;
				SDKROOT = macosx;
			};
			name = Debug;
		};
		656C371D155AD788009C92A3 /* Release */ = {
			isa = XCBuildConfiguration;
			buildSettings = {
				ALWAYS_SEARCH_USER_PATHS = NO;
				ARCHS = "$(ARCHS_STANDARD_64_BIT)";
				CLANG_ENABLE_OBJC_ARC = YES;
				COPY_PHASE_STRIP = YES;
				DEBUG_INFORMATION_FORMAT = "dwarf-with-dsym";
				GCC_C_LANGUAGE_STANDARD = gnu99;
				GCC_ENABLE_OBJC_EXCEPTIONS = YES;
				GCC_VERSION = com.apple.compilers.llvm.clang.1_0;
				GCC_WARN_64_TO_32_BIT_CONVERSION = YES;
				GCC_WARN_ABOUT_RETURN_TYPE = YES;
				GCC_WARN_UNINITIALIZED_AUTOS = YES;
				GCC_WARN_UNUSED_VARIABLE = YES;
				MACOSX_DEPLOYMENT_TARGET = 10.7;
				SDKROOT = macosx;
			};
			name = Release;
		};
		656C371F155AD788009C92A3 /* Debug */ = {
			isa = XCBuildConfiguration;
			buildSettings = {
				PRODUCT_NAME = "$(TARGET_NAME)";
			};
			name = Debug;
		};
		656C3720155AD788009C92A3 /* Release */ = {
			isa = XCBuildConfiguration;
			buildSettings = {
				PRODUCT_NAME = "$(TARGET_NAME)";
			};
			name = Release;
		};
/* End XCBuildConfiguration section */

/* Begin XCConfigurationList section */
		656C370E155AD788009C92A3 /* Build configuration list for PBXProject "SchedSim" */ = {
			isa = XCConfigurationList;
			buildConfigurations = (
				656C371C155AD788009C92A3 /* Debug */,
				656C371D155AD788009C92A3 /* Release */,
			);
			defaultConfigurationIsVisible = 0;
			defaultConfigurationName = Release;
		};
		656C371E155AD788009C92A3 /* Build configuration list for PBXNativeTarget "SchedSim" */ = {
			isa = XCConfigurationList;
			buildConfigurations = (
				656C371F155AD788009C92A3 /* Debug */,
				656C3720155AD788009C92A3 /* Release */,
			);
			defaultConfigurationIsVisible = 0;
			defaultConfigurationName = Release;
		};
/* End XCConfigurationList section */
	};
	rootObject = 656C370B155AD788009C92A3 /* Project object */;
}
